
Microsoft Visual Studio Solution File, Format Version 12.00
# Visual Studio Version 16
VisualStudioVersion = 16.0.33027.164
MinimumVisualStudioVersion = 10.0.40219.1
Project("{FAE04EC0-301F-11D3-BF4B-00C04F79EFBC}") = "HotelManagementSystem", "HotelManagementSystem\HotelManagementSystem.csproj", "{FE98A6DA-4185-4E3E-BCD4-5A8412F2DE4B}"
EndProject
Global
	GlobalSection(SolutionConfigurationPlatforms) = preSolution
		Debug|Any CPU = Debug|Any CPU
		Release|Any CPU = Release|Any CPU
	EndGlobalSection
	GlobalSection(ProjectConfigurationPlatforms) = postSolution
		{FE98A6DA-4185-4E3E-BCD4-5A8412F2DE4B}.Debug|Any CPU.ActiveCfg = Debug|Any CPU
		{FE98A6DA-4185-4E3E-BCD4-5A8412F2DE4B}.Debug|Any CPU.Build.0 = Debug|Any CPU
		{FE98A6DA-4185-4E3E-BCD4-5A8412F2DE4B}.Release|Any CPU.ActiveCfg = Release|Any CPU
		{FE98A6DA-4185-4E3E-BCD4-5A8412F2DE4B}.Release|Any CPU.Build.0 = Release|Any CPU
	EndGlobalSection
	GlobalSection(SolutionProperties) = preSolution
		HideSolutionNode = FALSE
	EndGlobalSection
	GlobalSection(ExtensibilityGlobals) = postSolution
		SolutionGuid = {FCE3603F-8234-4945-8839-DF71F00EBC16}
	EndGlobalSection
EndGlobal
